<?xml version="1.0" encoding="UTF-8" standalone="yes" ?>
<CodeBlocks_project_file>
	<FileVersion major="1" minor="6" />
	<Project>
		<Option title="ivy" />
		<Option pch_mode="2" />
		<Option default_target="ivymaster" />
		<Option compiler="gcc" />
		<Build>
			<Target title="ivymaster">
				<Option output="bin/ivy" prefix_auto="1" extension_auto="1" />
				<Option working_dir="/home/ivogelesang/Desktop/eraseme" />
				<Option type="1" />
				<Option compiler="gcc" />
				<Option parameters="-log /home/ivogelesang/Desktop/eraseme/segv.ivyscript" />
				<Compiler>
					<Add option="-pthread" />
					<Add directory="include" />
					<Add directory="parser/include" />
					<Add directory="parser/lexyacc" />
					<Add directory="ivy/include" />
				</Compiler>
				<Linker>
					<Add option="-pthread -lrt" />
					<Add library="/usr/local/lib/libcpprest.a" />
					<Add library="/usr/local/lib/libboost_system.a" />
					<Add library="/usr/lib64/libcrypto.so" />
					<Add library="/usr/lib64/libssl.so" />
					<Add directory="/usr/local/lib" />
					<Add directory="/usr/lib64" />
				</Linker>
				<ExtraCommands>
					<Add before="touch include/ivybuilddate.h" />
				</ExtraCommands>
			</Target>
			<Target title="ivyslave">
				<Option output="bin/ivyslave" prefix_auto="1" extension_auto="1" />
				<Option type="1" />
				<Option compiler="gcc" />
				<Option use_console_runner="0" />
				<Compiler>
					<Add option="-pthread" />
					<Add directory="parser/lexyacc" />
					<Add directory="parser/include" />
					<Add directory="../LUN_discovery/include" />
					<Add directory="ivy/include" />
					<Add directory="/usr/include" />
				</Compiler>
				<Linker>
					<Add option="-pthread -lrt" />
				</Linker>
				<ExtraCommands>
					<Add before="touch include/ivybuilddate.h" />
				</ExtraCommands>
			</Target>
			<Target title="clear_hung_ivy_threads">
				<Option output="bin/clear_hung_ivy_threads" prefix_auto="1" extension_auto="1" />
				<Option type="1" />
				<Option compiler="gcc" />
				<Option use_console_runner="0" />
			</Target>
			<Target title="makedict">
				<Option output="bin/makedict" prefix_auto="1" extension_auto="1" />
				<Option type="1" />
				<Option compiler="gcc" />
				<Option parameters="public_domain_dictionary/pg29765.webster_1913.txt" />
			</Target>
			<Target title="csv_rows">
				<Option platforms="Unix;" />
				<Option output="bin/csv_rows" prefix_auto="1" extension_auto="1" />
				<Option type="1" />
				<Option compiler="gcc" />
				<Option use_console_runner="0" />
			</Target>
			<Target title="csv_header_columns">
				<Option platforms="Unix;" />
				<Option output="bin/csv_header_columns" prefix_auto="1" extension_auto="1" />
				<Option type="1" />
				<Option compiler="gcc" />
				<Option use_console_runner="0" />
			</Target>
			<Target title="csv_columns_in_row">
				<Option platforms="Unix;" />
				<Option output="bin/csv_columns_in_row" prefix_auto="1" extension_auto="1" />
				<Option type="1" />
				<Option compiler="gcc" />
				<Option use_console_runner="0" />
			</Target>
			<Target title="csv_column_header">
				<Option platforms="Unix;" />
				<Option output="bin/csv_column_header" prefix_auto="1" extension_auto="1" />
				<Option type="1" />
				<Option compiler="gcc" />
				<Option use_console_runner="0" />
			</Target>
			<Target title="csv_raw_cell_value">
				<Option platforms="Unix;" />
				<Option output="bin/csv_raw_cell_value" prefix_auto="1" extension_auto="1" />
				<Option type="1" />
				<Option compiler="gcc" />
				<Option use_console_runner="0" />
			</Target>
			<Target title="csv_cell_value">
				<Option platforms="Unix;" />
				<Option output="bin/csv_cell_value" prefix_auto="1" extension_auto="1" />
				<Option type="1" />
				<Option compiler="gcc" />
				<Option use_console_runner="0" />
				<Option parameters='csv_cell_value /home/ivogelesang/Desktop/eraseme/a.csv 0 1 2 3 &quot;step name&quot;' />
			</Target>
			<Target title="csv_lookup_column">
				<Option platforms="Unix;" />
				<Option output="bin/csv_lookup_column" prefix_auto="1" extension_auto="1" />
				<Option type="1" />
				<Option compiler="gcc" />
				<Option use_console_runner="0" />
			</Target>
			<Target title="csv_row">
				<Option platforms="Unix;" />
				<Option output="bin/csv_row" prefix_auto="1" extension_auto="1" />
				<Option type="1" />
				<Option compiler="gcc" />
				<Option use_console_runner="0" />
			</Target>
			<Target title="csv_column">
				<Option platforms="Unix;" />
				<Option output="bin/csv_column" prefix_auto="1" extension_auto="1" />
				<Option type="1" />
				<Option compiler="gcc" />
				<Option use_console_runner="0" />
			</Target>
			<Target title="testRegex">
				<Option output="bin/testRegex" prefix_auto="1" extension_auto="1" />
				<Option type="1" />
				<Option compiler="gcc" />
			</Target>
			<Target title="test_LDEVset">
				<Option output="bin/testRegex" prefix_auto="1" extension_auto="1" />
				<Option type="1" />
				<Option compiler="gcc" />
			</Target>
			<Target title="remove_empty_columns">
				<Option output="bin/remove_empty_columns" prefix_auto="1" extension_auto="1" />
				<Option type="1" />
				<Option compiler="gcc" />
				<Option parameters="/home/ian/Desktop/one.csv" />
			</Target>
			<Target title="test_hosts_list">
				<Option output="bin/test_hosts_list" prefix_auto="1" extension_auto="1" />
				<Option type="1" />
				<Option compiler="gcc" />
			</Target>
			<Target title="test_negative_ivytimes">
				<Option output="bin/test_negative_ivytimes/ivy" prefix_auto="1" extension_auto="1" />
				<Option working_dir="bin/test_negative_ivytimes/" />
				<Option object_output="obj/test_negative_ivytimes/" />
				<Option type="1" />
				<Option compiler="gcc" />
				<Compiler>
					<Add option="-O2" />
				</Compiler>
				<Linker>
					<Add option="-s" />
				</Linker>
			</Target>
		</Build>
		<VirtualTargets>
			<Add alias="all" targets="ivymaster;ivyslave;clear_hung_ivy_threads;ivyenglib;" />
			<Add alias="allall" targets="ivymaster;ivyslave;clear_hung_ivy_threads;csv_rows;csv_header_columns;csv_columns_in_row;csv_column_header;csv_raw_cell_value;csv_cell_value;csv_lookup_column;csv_row;csv_column;remove_empty_columns;" />
			<Add alias="csv_utilities" targets="csv_rows;csv_header_columns;csv_columns_in_row;csv_column_header;csv_raw_cell_value;csv_cell_value;csv_lookup_column;csv_row;csv_column;remove_empty_columns;" />
		</VirtualTargets>
		<Compiler>
			<Add option="-Wall" />
			<Add option="-std=c++14" />
			<Add option="-fPIC" />
			<Add option="-g" />
			<Add directory="src" />
			<Add directory="include" />
		</Compiler>
		<Linker>
			<Add option="-static-libstdc++" />
			<Add option="-lrt -static-libstdc++" />
			<Add option="-Wl,--wrap=memcpy" />
			<Add library="/opt/rh/devtoolset-7/root/lib/gcc/x86_64-redhat-linux/7/libstdc++.a" />
			<Add directory="/opt/rh/devtoolset-7/root/usr/lib/gcc/x86_64-redhat-linux/7" />
		</Linker>
		<Unit filename="../LUN_discovery/include/printableAndHex.h">
			<Option target="ivymaster" />
			<Option target="ivyslave" />
		</Unit>
		<Unit filename="../LUN_discovery/src/printableAndHex.cpp">
			<Option target="ivymaster" />
			<Option target="ivyslave" />
		</Unit>
		<Unit filename="include/Accumulators_by_io_type.h">
			<Option target="ivymaster" />
			<Option target="ivyslave" />
		</Unit>
		<Unit filename="include/AttributeNameCombo.h">
			<Option target="ivymaster" />
			<Option target="ivyslave" />
		</Unit>
		<Unit filename="include/Count_by_workloadID.h">
			<Option target="ivyslave" />
		</Unit>
		<Unit filename="include/DedupePatternRegulator.h">
			<Option target="ivymaster" />
			<Option target="ivyslave" />
		</Unit>
		<Unit filename="include/Eyeo.h">
			<Option target="ivyslave" />
		</Unit>
		<Unit filename="include/GatherData.h">
			<Option target="ivymaster" />
			<Option target="ivyslave" />
		</Unit>
		<Unit filename="include/HM800_tables.h">
			<Option target="ivymaster" />
			<Option target="ivyslave" />
		</Unit>
		<Unit filename="include/Iosequencer.h">
			<Option target="ivyslave" />
		</Unit>
		<Unit filename="include/IosequencerInput.h">
			<Option target="ivyslave" />
			<Option target="ivymaster" />
		</Unit>
		<Unit filename="include/IosequencerInputRollup.h">
			<Option target="ivyslave" />
			<Option target="ivymaster" />
		</Unit>
		<Unit filename="include/IosequencerRandom.h">
			<Option target="ivyslave" />
		</Unit>
		<Unit filename="include/IosequencerRandomIndependent.h">
			<Option target="ivyslave" />
		</Unit>
		<Unit filename="include/IosequencerRandomSteady.h">
			<Option target="ivyslave" />
		</Unit>
		<Unit filename="include/IosequencerSequential.h">
			<Option target="ivyslave" />
		</Unit>
		<Unit filename="include/JSON_select.h">
			<Option target="ivymaster" />
		</Unit>
		<Unit filename="include/LDEVset.h">
			<Option target="ivymaster" />
			<Option target="ivyslave" />
			<Option target="test_LDEVset" />
		</Unit>
		<Unit filename="include/LUN.h">
			<Option target="ivymaster" />
			<Option target="ivyslave" />
		</Unit>
		<Unit filename="include/LUNpointerList.h">
			<Option target="ivymaster" />
			<Option target="ivyslave" />
		</Unit>
		<Unit filename="include/LeastSquaresLine.h">
			<Option target="ivymaster" />
			<Option target="ivyslave" />
		</Unit>
		<Unit filename="include/ListOfNameEqualsValueList.h">
			<Option target="ivymaster" />
			<Option target="ivyslave" />
		</Unit>
		<Unit filename="include/ListOfWorkloadIDs.h">
			<Option target="ivymaster" />
			<Option target="ivyslave" />
		</Unit>
		<Unit filename="include/MeasureController.h">
			<Option target="ivymaster" />
		</Unit>
		<Unit filename="include/MeasureCtlr.h">
			<Option target="ivymaster" />
		</Unit>
		<Unit filename="include/NameEqualsValueList.h">
			<Option target="ivymaster" />
			<Option target="ivyslave" />
		</Unit>
		<Unit filename="include/ParameterValueLookupTable.h">
			<Option target="ivymaster" />
			<Option target="ivyslave" />
		</Unit>
		<Unit filename="include/RestBaseUri.h">
			<Option target="ivymaster" />
		</Unit>
		<Unit filename="include/RestCsvqueryUri.h">
			<Option target="ivymaster" />
		</Unit>
		<Unit filename="include/RestEngineUri.h">
			<Option target="ivymaster" />
		</Unit>
		<Unit filename="include/RestHandler.h">
			<Option target="ivymaster" />
		</Unit>
		<Unit filename="include/RestLogsUri.h">
			<Option target="ivymaster" />
		</Unit>
		<Unit filename="include/RestRollupsUri.h">
			<Option target="ivymaster" />
		</Unit>
		<Unit filename="include/RestSessionsUri.h">
			<Option target="ivymaster" />
		</Unit>
		<Unit filename="include/RestWorkloadsUri.h">
			<Option target="ivymaster" />
		</Unit>
		<Unit filename="include/RollupInstance.h">
			<Option target="ivymaster" />
			<Option target="ivyslave" />
		</Unit>
		<Unit filename="include/RollupSet.h">
			<Option target="ivymaster" />
			<Option target="ivyslave" />
		</Unit>
		<Unit filename="include/RollupType.h">
			<Option target="ivymaster" />
			<Option target="ivyslave" />
		</Unit>
		<Unit filename="include/RunningStat.h">
			<Option target="ivymaster" />
			<Option target="ivyslave" />
		</Unit>
		<Unit filename="include/SequenceOfSubintervalRollup.h">
			<Option target="ivymaster" />
			<Option target="ivyslave" />
		</Unit>
		<Unit filename="include/Subinterval.h">
			<Option target="ivymaster" />
			<Option target="ivyslave" />
		</Unit>
		<Unit filename="include/SubintervalOutput.h">
			<Option target="ivymaster" />
			<Option target="ivyslave" />
		</Unit>
		<Unit filename="include/SubintervalRollup.h">
			<Option target="ivymaster" />
			<Option target="ivyslave" />
		</Unit>
		<Unit filename="include/Subinterval_CPU.h">
			<Option target="ivymaster" />
			<Option target="ivyslave" />
		</Unit>
		<Unit filename="include/Subinterval_detail_line.h">
			<Option target="ivymaster" />
		</Unit>
		<Unit filename="include/Subsystem.h">
			<Option target="ivymaster" />
			<Option target="ivyslave" />
		</Unit>
		<Unit filename="include/TestLUN.h">
			<Option target="ivyslave" />
		</Unit>
		<Unit filename="include/Test_config_thumbnail.h">
			<Option target="ivymaster" />
		</Unit>
		<Unit filename="include/Workload.h">
			<Option target="ivyslave" />
		</Unit>
		<Unit filename="include/WorkloadID.h">
			<Option target="ivymaster" />
			<Option target="ivyslave" />
		</Unit>
		<Unit filename="include/WorkloadThread.h">
			<Option target="ivymaster" />
			<Option target="ivyslave" />
		</Unit>
		<Unit filename="include/WorkloadTracker.h">
			<Option target="ivymaster" />
			<Option target="ivyslave" />
		</Unit>
		<Unit filename="include/WorkloadTrackerPointerList.h">
			<Option target="ivymaster" />
			<Option target="ivyslave" />
		</Unit>
		<Unit filename="include/WorkloadTrackers.h">
			<Option target="ivymaster" />
			<Option target="ivyslave" />
		</Unit>
		<Unit filename="include/aio_abi.h">
			<Option target="ivymaster" />
			<Option target="ivyslave" />
		</Unit>
		<Unit filename="include/csvfile.h">
			<Option target="ivymaster" />
			<Option target="csv_rows" />
			<Option target="csv_header_columns" />
			<Option target="csv_columns_in_row" />
			<Option target="csv_column_header" />
			<Option target="csv_raw_cell_value" />
			<Option target="csv_cell_value" />
			<Option target="csv_lookup_column" />
			<Option target="csv_row" />
			<Option target="csv_column" />
			<Option target="remove_empty_columns" />
		</Unit>
		<Unit filename="include/discover_luns.h">
			<Option target="ivymaster" />
			<Option target="ivyslave" />
		</Unit>
		<Unit filename="include/hosts_list.h">
			<Option target="ivymaster" />
			<Option target="test_hosts_list" />
		</Unit>
		<Unit filename="include/ivy_engine.h">
			<Option target="ivymaster" />
		</Unit>
		<Unit filename="include/ivybuilddate.h">
			<Option target="ivymaster" />
			<Option target="ivyslave" />
		</Unit>
		<Unit filename="include/ivydefines.h">
			<Option target="ivymaster" />
			<Option target="ivyslave" />
		</Unit>
		<Unit filename="include/ivyhelpers.h">
			<Option target="ivymaster" />
			<Option target="ivyslave" />
			<Option target="csv_rows" />
			<Option target="csv_header_columns" />
			<Option target="csv_columns_in_row" />
			<Option target="csv_column_header" />
			<Option target="csv_raw_cell_value" />
			<Option target="csv_cell_value" />
			<Option target="csv_lookup_column" />
			<Option target="csv_row" />
			<Option target="csv_column" />
			<Option target="remove_empty_columns" />
		</Unit>
		<Unit filename="include/ivylinuxcpubusy.h">
			<Option target="ivymaster" />
			<Option target="ivyslave" />
		</Unit>
		<Unit filename="include/ivyslave.h">
			<Option target="ivyslave" />
		</Unit>
		<Unit filename="include/ivytime.h">
			<Option target="ivymaster" />
			<Option target="ivyslave" />
			<Option target="clear_hung_ivy_threads" />
			<Option target="remove_empty_columns" />
		</Unit>
		<Unit filename="include/pattern.h">
			<Option target="ivymaster" />
			<Option target="ivyslave" />
		</Unit>
		<Unit filename="include/pipe_driver_subthread.h">
			<Option target="ivymaster" />
			<Option target="ivyslave" />
		</Unit>
		<Unit filename="include/pipe_line_reader.h">
			<Option target="ivyslave" />
		</Unit>
		<Unit filename="include/run_subinterval_sequence.h">
			<Option target="ivymaster" />
			<Option target="ivyslave" />
		</Unit>
		<Unit filename="include/skew_weight.h">
			<Option target="ivymaster" />
		</Unit>
		<Unit filename="include/studentsTdistribution.h">
			<Option target="ivymaster" />
			<Option target="ivyslave" />
		</Unit>
		<Unit filename="include/subsystem_summary_data.h">
			<Option target="ivymaster" />
			<Option target="ivyslave" />
		</Unit>
		<Unit filename="parser/include/Arg.h">
			<Option target="ivymaster" />
		</Unit>
		<Unit filename="parser/include/Block.h">
			<Option target="ivymaster" />
		</Unit>
		<Unit filename="parser/include/Builtin.h">
			<Option target="ivymaster" />
		</Unit>
		<Unit filename="parser/include/Frame.h">
			<Option target="ivymaster" />
		</Unit>
		<Unit filename="parser/include/Ivy_pgm.h">
			<Option target="ivymaster" />
		</Unit>
		<Unit filename="parser/include/IvyscriptLine.h">
			<Option target="ivymaster" />
		</Unit>
		<Unit filename="parser/include/OverloadSet.h">
			<Option target="ivymaster" />
		</Unit>
		<Unit filename="parser/include/Stmt.h">
			<Option target="ivymaster" />
		</Unit>
		<Unit filename="parser/include/Stmt_nested_Block.h">
			<Option target="ivymaster" />
		</Unit>
		<Unit filename="parser/include/SymbolTableEntry.h">
			<Option target="ivymaster" />
		</Unit>
		<Unit filename="parser/include/Type.h">
			<Option target="ivymaster" />
		</Unit>
		<Unit filename="parser/include/Xpr.h">
			<Option target="ivymaster" />
		</Unit>
		<Unit filename="parser/lexyacc/ivy.l">
			<Option compile="1" />
			<Option target="ivymaster" />
		</Unit>
		<Unit filename="parser/lexyacc/ivy.y">
			<Option compile="1" />
			<Option target="ivymaster" />
		</Unit>
		<Unit filename="parser/src/Arg.cpp">
			<Option target="ivymaster" />
		</Unit>
		<Unit filename="parser/src/Block.cpp">
			<Option target="ivymaster" />
		</Unit>
		<Unit filename="parser/src/Builtin.cpp">
			<Option target="ivymaster" />
		</Unit>
		<Unit filename="parser/src/Frame.cpp">
			<Option target="ivymaster" />
		</Unit>
		<Unit filename="parser/src/Ivy_pgm.cpp">
			<Option target="ivymaster" />
		</Unit>
		<Unit filename="parser/src/IvyscriptLine.cpp">
			<Option target="ivymaster" />
		</Unit>
		<Unit filename="parser/src/OverloadSet.cpp">
			<Option target="ivymaster" />
		</Unit>
		<Unit filename="parser/src/Stmt.cpp">
			<Option target="ivymaster" />
		</Unit>
		<Unit filename="parser/src/Stmt_nested_Block.cpp">
			<Option target="ivymaster" />
		</Unit>
		<Unit filename="parser/src/SymbolTableEntry.cpp">
			<Option target="ivymaster" />
		</Unit>
		<Unit filename="parser/src/Type.cpp">
			<Option target="ivymaster" />
		</Unit>
		<Unit filename="parser/src/Xpr.cpp">
			<Option target="ivymaster" />
		</Unit>
		<Unit filename="parser/src/main.cpp">
			<Option target="ivymaster" />
		</Unit>
		<Unit filename="src/Accumulators_by_io_type.cpp">
			<Option target="ivymaster" />
			<Option target="ivyslave" />
		</Unit>
		<Unit filename="src/AttributeNameCombo.cpp">
			<Option target="ivymaster" />
			<Option target="ivyslave" />
		</Unit>
		<Unit filename="src/Count_by_workloadID.cpp">
			<Option target="ivyslave" />
		</Unit>
		<Unit filename="src/DedupePatternRegulator.cpp">
			<Option target="ivymaster" />
			<Option target="ivyslave" />
		</Unit>
		<Unit filename="src/Eyeo.cpp">
			<Option target="ivyslave" />
		</Unit>
		<Unit filename="src/GatherData.cpp">
			<Option target="ivymaster" />
		</Unit>
		<Unit filename="src/HM800_tables.cpp">
			<Option target="ivymaster" />
		</Unit>
		<Unit filename="src/Iosequencer.cpp">
			<Option target="ivyslave" />
		</Unit>
		<Unit filename="src/IosequencerInput.cpp">
			<Option target="ivyslave" />
			<Option target="ivymaster" />
		</Unit>
		<Unit filename="src/IosequencerInputRollup.cpp">
			<Option target="ivyslave" />
			<Option target="ivymaster" />
		</Unit>
		<Unit filename="src/IosequencerRandom.cpp">
			<Option target="ivyslave" />
		</Unit>
		<Unit filename="src/IosequencerRandomIndependent.cpp">
			<Option target="ivyslave" />
		</Unit>
		<Unit filename="src/IosequencerRandomSteady.cpp">
			<Option target="ivyslave" />
		</Unit>
		<Unit filename="src/IosequencerSequential.cpp">
			<Option target="ivyslave" />
		</Unit>
		<Unit filename="src/JSON_select.cpp">
			<Option target="ivymaster" />
		</Unit>
		<Unit filename="src/LDEVset.cpp">
			<Option target="ivymaster" />
			<Option target="ivyslave" />
			<Option target="test_LDEVset" />
		</Unit>
		<Unit filename="src/LUN.cpp">
			<Option target="ivymaster" />
			<Option target="ivyslave" />
		</Unit>
		<Unit filename="src/LUNpointerList.cpp">
			<Option target="ivymaster" />
		</Unit>
		<Unit filename="src/ListOfNameEqualsValueList.cpp">
			<Option target="ivymaster" />
		</Unit>
		<Unit filename="src/ListOfWorkloadIDs.cpp">
			<Option target="ivymaster" />
			<Option target="ivyslave" />
		</Unit>
		<Unit filename="src/MeasureController.cpp">
			<Option target="ivymaster" />
		</Unit>
		<Unit filename="src/MeasureCtlr.cpp">
			<Option target="ivymaster" />
		</Unit>
		<Unit filename="src/NameEqualsValueList.cpp">
			<Option target="ivymaster" />
		</Unit>
		<Unit filename="src/ParameterValueLookupTable.cpp">
			<Option target="ivymaster" />
		</Unit>
		<Unit filename="src/RestBaseUri.cpp">
			<Option target="ivymaster" />
		</Unit>
		<Unit filename="src/RestCsvqueryUri.cpp">
			<Option target="ivymaster" />
		</Unit>
		<Unit filename="src/RestEngineUri.cpp">
			<Option target="ivymaster" />
		</Unit>
		<Unit filename="src/RestHandler.cpp">
			<Option target="ivymaster" />
		</Unit>
		<Unit filename="src/RestLogsUri.cpp">
			<Option target="ivymaster" />
		</Unit>
		<Unit filename="src/RestRollupsUri.cpp">
			<Option target="ivymaster" />
		</Unit>
		<Unit filename="src/RestSessionsUri.cpp">
			<Option target="ivymaster" />
		</Unit>
		<Unit filename="src/RestWorkloadsUri.cpp">
			<Option target="ivymaster" />
		</Unit>
		<Unit filename="src/RollupInstance.cpp">
			<Option target="ivymaster" />
		</Unit>
		<Unit filename="src/RollupSet.cpp">
			<Option target="ivymaster" />
		</Unit>
		<Unit filename="src/RollupType.cpp">
			<Option target="ivymaster" />
		</Unit>
		<Unit filename="src/Subinterval.cpp">
			<Option target="ivyslave" />
		</Unit>
		<Unit filename="src/SubintervalOutput.cpp">
			<Option target="ivymaster" />
			<Option target="ivyslave" />
		</Unit>
		<Unit filename="src/SubintervalRollup.cpp">
			<Option target="ivymaster" />
		</Unit>
		<Unit filename="src/Subsystem.cpp">
			<Option target="ivymaster" />
		</Unit>
		<Unit filename="src/TestLUN.cpp">
			<Option target="ivyslave" />
		</Unit>
		<Unit filename="src/Test_config_thumbnail.cpp">
			<Option target="ivymaster" />
		</Unit>
		<Unit filename="src/Workload.cpp">
			<Option target="ivyslave" />
		</Unit>
		<Unit filename="src/WorkloadID.cpp">
			<Option target="ivymaster" />
			<Option target="ivyslave" />
		</Unit>
		<Unit filename="src/WorkloadThread.cpp">
			<Option target="ivyslave" />
		</Unit>
		<Unit filename="src/WorkloadTracker.cpp">
			<Option target="ivymaster" />
			<Option target="ivyslave" />
		</Unit>
		<Unit filename="src/WorkloadTrackerPointerList.cpp">
			<Option target="ivymaster" />
			<Option target="ivyslave" />
		</Unit>
		<Unit filename="src/clear_hung_ivy_threads.cpp">
			<Option target="clear_hung_ivy_threads" />
		</Unit>
		<Unit filename="src/csv_cell_value.cpp">
			<Option target="csv_cell_value" />
		</Unit>
		<Unit filename="src/csv_column.cpp">
			<Option target="csv_column" />
		</Unit>
		<Unit filename="src/csv_column_header.cpp">
			<Option target="csv_column_header" />
		</Unit>
		<Unit filename="src/csv_columns_in_row.cpp">
			<Option target="csv_columns_in_row" />
		</Unit>
		<Unit filename="src/csv_header_columns.cpp">
			<Option target="csv_header_columns" />
		</Unit>
		<Unit filename="src/csv_lookup_column.cpp">
			<Option target="csv_lookup_column" />
		</Unit>
		<Unit filename="src/csv_raw_cell_value.cpp">
			<Option target="csv_raw_cell_value" />
		</Unit>
		<Unit filename="src/csv_row.cpp">
			<Option target="csv_row" />
		</Unit>
		<Unit filename="src/csv_rows.cpp">
			<Option target="csv_rows" />
		</Unit>
		<Unit filename="src/csv_usage.cpp">
			<Option target="csv_rows" />
			<Option target="csv_header_columns" />
			<Option target="csv_columns_in_row" />
			<Option target="csv_column_header" />
			<Option target="csv_raw_cell_value" />
			<Option target="csv_cell_value" />
			<Option target="csv_lookup_column" />
			<Option target="csv_row" />
			<Option target="csv_column" />
		</Unit>
		<Unit filename="src/csvfile.cpp">
			<Option target="ivymaster" />
			<Option target="csv_rows" />
			<Option target="csv_header_columns" />
			<Option target="csv_columns_in_row" />
			<Option target="csv_column_header" />
			<Option target="csv_raw_cell_value" />
			<Option target="csv_cell_value" />
			<Option target="csv_lookup_column" />
			<Option target="csv_row" />
			<Option target="csv_column" />
			<Option target="remove_empty_columns" />
		</Unit>
		<Unit filename="src/discover_luns.cpp">
			<Option target="ivymaster" />
			<Option target="ivyslave" />
		</Unit>
		<Unit filename="src/hosts/hosts.l">
			<Option compile="1" />
			<Option target="ivymaster" />
			<Option target="test_hosts_list" />
		</Unit>
		<Unit filename="src/hosts/hosts.y">
			<Option compile="1" />
			<Option target="ivymaster" />
			<Option target="test_hosts_list" />
		</Unit>
		<Unit filename="src/hosts_list.cpp">
			<Option target="ivymaster" />
			<Option target="test_hosts_list" />
		</Unit>
		<Unit filename="src/ivy_RAID800.cpp">
			<Option target="ivymaster" />
		</Unit>
		<Unit filename="src/ivy_engine.cpp">
			<Option target="ivymaster" />
		</Unit>
		<Unit filename="src/ivy_engine_startup.cpp">
			<Option target="ivymaster" />
		</Unit>
		<Unit filename="src/ivyhelpers.cpp">
			<Option target="ivymaster" />
			<Option target="ivyslave" />
			<Option target="clear_hung_ivy_threads" />
			<Option target="csv_rows" />
			<Option target="csv_header_columns" />
			<Option target="csv_columns_in_row" />
			<Option target="csv_column_header" />
			<Option target="csv_raw_cell_value" />
			<Option target="csv_cell_value" />
			<Option target="csv_lookup_column" />
			<Option target="csv_row" />
			<Option target="csv_column" />
			<Option target="testRegex" />
			<Option target="test_LDEVset" />
			<Option target="remove_empty_columns" />
		</Unit>
		<Unit filename="src/ivylinuxcpubusy.cpp">
			<Option target="ivyslave" />
			<Option target="ivymaster" />
		</Unit>
		<Unit filename="src/ivyslave.cpp">
			<Option target="ivyslave" />
		</Unit>
		<Unit filename="src/ivytime.cpp">
			<Option target="ivymaster" />
			<Option target="ivyslave" />
			<Option target="clear_hung_ivy_threads" />
			<Option target="csv_rows" />
			<Option target="csv_header_columns" />
			<Option target="csv_columns_in_row" />
			<Option target="csv_column_header" />
			<Option target="csv_raw_cell_value" />
			<Option target="csv_cell_value" />
			<Option target="csv_lookup_column" />
			<Option target="csv_row" />
			<Option target="csv_column" />
			<Option target="testRegex" />
			<Option target="test_LDEVset" />
			<Option target="remove_empty_columns" />
			<Option target="test_negative_ivytimes" />
		</Unit>
		<Unit filename="src/makedict.cpp">
			<Option target="makedict" />
		</Unit>
		<Unit filename="src/memcpy.c">
			<Option compilerVar="CC" />
		</Unit>
		<Unit filename="src/pattern.cpp">
			<Option target="ivymaster" />
			<Option target="ivyslave" />
		</Unit>
		<Unit filename="src/pipe_driver_gather.cpp">
			<Option target="ivymaster" />
		</Unit>
		<Unit filename="src/pipe_driver_subthread.cpp">
			<Option target="ivymaster" />
		</Unit>
		<Unit filename="src/pipe_line_reader.cpp">
			<Option target="ivyslave" />
		</Unit>
		<Unit filename="src/prepare_dedupe.cpp">
			<Option target="ivymaster" />
		</Unit>
		<Unit filename="src/process_cmddev_commands.cpp">
			<Option target="ivymaster" />
		</Unit>
		<Unit filename="src/remove_empty_columns.cpp">
			<Option target="remove_empty_columns" />
		</Unit>
		<Unit filename="src/rollup_Hitachi_RAID_data.cpp">
			<Option target="ivymaster" />
		</Unit>
		<Unit filename="src/run_subinterval_sequence.cpp">
			<Option target="ivymaster" />
		</Unit>
		<Unit filename="src/select/select.l">
			<Option compile="1" />
			<Option target="ivymaster" />
		</Unit>
		<Unit filename="src/select/select.y">
			<Option compile="1" />
			<Option target="ivymaster" />
		</Unit>
		<Unit filename="src/skew_weight.cpp">
			<Option target="ivymaster" />
		</Unit>
		<Unit filename="src/studentsTdistribution.cpp">
			<Option target="ivymaster" />
			<Option target="ivyslave" />
		</Unit>
		<Unit filename="src/subsystem_summary_data.cpp">
			<Option target="ivymaster" />
		</Unit>
		<Unit filename="src/testRegex.cpp">
			<Option target="testRegex" />
		</Unit>
		<Unit filename="src/test_LDEVset.cpp">
			<Option target="test_LDEVset" />
		</Unit>
		<Unit filename="src/test_hosts_list.cpp">
			<Option target="test_hosts_list" />
		</Unit>
		<Unit filename="src/test_negative_ivytimes.cpp">
			<Option target="test_negative_ivytimes" />
		</Unit>
		<Unit filename="src/test_subinterval.cpp">
			<Option target="&lt;{~None~}&gt;" />
		</Unit>
		<Unit filename="src/testwrap.cpp">
			<Option target="&lt;{~None~}&gt;" />
		</Unit>
		<Unit filename="src/unique_words.cpp">
			<Option target="ivyslave" />
		</Unit>
		<Extensions>
			<code_completion />
			<debugger />
			<envvars />
		</Extensions>
	</Project>
</CodeBlocks_project_file>
